
Microsoft Visual Studio Solution File, Format Version 12.00
# Visual Studio Version 17
VisualStudioVersion = 17.5.33627.172
MinimumVisualStudioVersion = 10.0.40219.1
Project("{FAE04EC0-301F-11D3-BF4B-00C04F79EFBC}") = "CourseManagement", "CourseManagement\CourseManagement.csproj", "{C96ECF14-C301-492C-82BB-A5744CBE4344}"
EndProject
Global
	GlobalSection(SolutionConfigurationPlatforms) = preSolution
		Debug|Any CPU = Debug|Any CPU
		Release|Any CPU = Release|Any CPU
	EndGlobalSection
	GlobalSection(ProjectConfigurationPlatforms) = postSolution
		{C96ECF14-C301-492C-82BB-A5744CBE4344}.Debug|Any CPU.ActiveCfg = Debug|Any CPU
		{C96ECF14-C301-492C-82BB-A5744CBE4344}.Debug|Any CPU.Build.0 = Debug|Any CPU
		{C96ECF14-C301-492C-82BB-A5744CBE4344}.Release|Any CPU.ActiveCfg = Release|Any CPU
		{C96ECF14-C301-492C-82BB-A5744CBE4344}.Release|Any CPU.Build.0 = Release|Any CPU
	EndGlobalSection
	GlobalSection(SolutionProperties) = preSolution
		HideSolutionNode = FALSE
	EndGlobalSection
	GlobalSection(ExtensibilityGlobals) = postSolution
		SolutionGuid = {08C6E44F-8E14-4953-96BE-0F44D4F60A3D}
	EndGlobalSection
EndGlobal
